Microsoft Visual Studio Solution File, Format Version 12.00
# Visual Studio Version 17
VisualStudioVersion = 17.5.2.0
MinimumVisualStudioVersion = 10.0.40219.1
Project("{2150E333-8FDC-42A3-9474-1A3956D46DE8}") = "Week1", "Week1", "{0377D431-4109-1088-BB8F-0E0CDFEAF817}"
EndProject
Project("{FAE04EC0-301F-11D3-BF4B-00C04F79EFBC}") = "FactorMethodPattern", "Week1\FactorMethodPattern\FactorMethodPattern.csproj", "{CC08E255-9ABF-C2D1-4EEC-2527EA1D2A45}"
EndProject
Project("{FAE04EC0-301F-11D3-BF4B-00C04F79EFBC}") = "SingletonPattern", "Week1\SingletonPattern\SingletonPattern.csproj", "{68E418D1-5488-8EE5-3174-37E96EC72AB8}"
EndProject
Global
	GlobalSection(SolutionConfigurationPlatforms) = preSolution
		Debug|Any CPU = Debug|Any CPU
		Release|Any CPU = Release|Any CPU
	EndGlobalSection
	GlobalSection(ProjectConfigurationPlatforms) = postSolution
		{CC08E255-9ABF-C2D1-4EEC-2527EA1D2A45}.Debug|Any CPU.ActiveCfg = Debug|Any CPU
		{CC08E255-9ABF-C2D1-4EEC-2527EA1D2A45}.Debug|Any CPU.Build.0 = Debug|Any CPU
		{CC08E255-9ABF-C2D1-4EEC-2527EA1D2A45}.Release|Any CPU.ActiveCfg = Release|Any CPU
		{CC08E255-9ABF-C2D1-4EEC-2527EA1D2A45}.Release|Any CPU.Build.0 = Release|Any CPU
		{68E418D1-5488-8EE5-3174-37E96EC72AB8}.Debug|Any CPU.ActiveCfg = Debug|Any CPU
		{68E418D1-5488-8EE5-3174-37E96EC72AB8}.Debug|Any CPU.Build.0 = Debug|Any CPU
		{68E418D1-5488-8EE5-3174-37E96EC72AB8}.Release|Any CPU.ActiveCfg = Release|Any CPU
		{68E418D1-5488-8EE5-3174-37E96EC72AB8}.Release|Any CPU.Build.0 = Release|Any CPU
	EndGlobalSection
	GlobalSection(SolutionProperties) = preSolution
		HideSolutionNode = FALSE
	EndGlobalSection
	GlobalSection(NestedProjects) = preSolution
		{CC08E255-9ABF-C2D1-4EEC-2527EA1D2A45} = {0377D431-4109-1088-BB8F-0E0CDFEAF817}
		{68E418D1-5488-8EE5-3174-37E96EC72AB8} = {0377D431-4109-1088-BB8F-0E0CDFEAF817}
	EndGlobalSection
	GlobalSection(ExtensibilityGlobals) = postSolution
		SolutionGuid = {35EE6517-6D99-490B-BBE9-6E541027CB8D}
	EndGlobalSection
EndGlobal
